
Microsoft Visual Studio Solution File, Format Version 12.00
# Visual Studio Version 17
VisualStudioVersion = 17.5.002.0
MinimumVisualStudioVersion = 10.0.40219.1
Project("{2150E333-8FDC-42A3-9474-1A3956D46DE8}") = "InputValidationsBasicExercises", "InputValidationsBasicExercises", "{140F8E24-636D-44A3-9463-4B0B4888D487}"
EndProject
Project("{9A19103F-16F7-4668-BE54-9A1E7A4F7556}") = "ValidateTheNameModelBinding", "InputValidationsBasicExercises\InvarianceDTOandModel\ValidateTheNameModelBinding.csproj", "{4A67AA99-C6DF-4204-BB40-0E6A23D83336}"
EndProject
Project("{9A19103F-16F7-4668-BE54-9A1E7A4F7556}") = "ValidateTheName", "InputValidationsBasicExercises\ValidateTheName\ValidateTheName.csproj", "{A29DF22F-2269-47ED-AA92-52E93CA4E38F}"
EndProject
Project("{9A19103F-16F7-4668-BE54-9A1E7A4F7556}") = "ValidateTheNameWebApplication", "InputValidationsBasicExercises\ValidateTheNameWebApplication\ValidateTheNameWebApplication.csproj", "{DA26111F-3986-42EE-87B3-0C2764C87834}"
EndProject
Project("{9A19103F-16F7-4668-BE54-9A1E7A4F7556}") = "ValidateTheNameModelBinding (1)", "InputValidationsBasicExercises\ValidationModelBinding\ValidateTheNameModelBinding.csproj", "{5A257766-6DCC-4080-98D4-643F6C80693B}"
EndProject
Global
	GlobalSection(SolutionConfigurationPlatforms) = preSolution
		Debug|Any CPU = Debug|Any CPU
		Release|Any CPU = Release|Any CPU
	EndGlobalSection
	GlobalSection(ProjectConfigurationPlatforms) = postSolution
		{4A67AA99-C6DF-4204-BB40-0E6A23D83336}.Debug|Any CPU.ActiveCfg = Debug|Any CPU
		{4A67AA99-C6DF-4204-BB40-0E6A23D83336}.Debug|Any CPU.Build.0 = Debug|Any CPU
		{4A67AA99-C6DF-4204-BB40-0E6A23D83336}.Release|Any CPU.ActiveCfg = Release|Any CPU
		{4A67AA99-C6DF-4204-BB40-0E6A23D83336}.Release|Any CPU.Build.0 = Release|Any CPU
		{A29DF22F-2269-47ED-AA92-52E93CA4E38F}.Debug|Any CPU.ActiveCfg = Debug|Any CPU
		{A29DF22F-2269-47ED-AA92-52E93CA4E38F}.Debug|Any CPU.Build.0 = Debug|Any CPU
		{A29DF22F-2269-47ED-AA92-52E93CA4E38F}.Release|Any CPU.ActiveCfg = Release|Any CPU
		{A29DF22F-2269-47ED-AA92-52E93CA4E38F}.Release|Any CPU.Build.0 = Release|Any CPU
		{DA26111F-3986-42EE-87B3-0C2764C87834}.Debug|Any CPU.ActiveCfg = Debug|Any CPU
		{DA26111F-3986-42EE-87B3-0C2764C87834}.Debug|Any CPU.Build.0 = Debug|Any CPU
		{DA26111F-3986-42EE-87B3-0C2764C87834}.Release|Any CPU.ActiveCfg = Release|Any CPU
		{DA26111F-3986-42EE-87B3-0C2764C87834}.Release|Any CPU.Build.0 = Release|Any CPU
		{5A257766-6DCC-4080-98D4-643F6C80693B}.Debug|Any CPU.ActiveCfg = Debug|Any CPU
		{5A257766-6DCC-4080-98D4-643F6C80693B}.Debug|Any CPU.Build.0 = Debug|Any CPU
		{5A257766-6DCC-4080-98D4-643F6C80693B}.Release|Any CPU.ActiveCfg = Release|Any CPU
		{5A257766-6DCC-4080-98D4-643F6C80693B}.Release|Any CPU.Build.0 = Release|Any CPU
	EndGlobalSection
	GlobalSection(SolutionProperties) = preSolution
		HideSolutionNode = FALSE
	EndGlobalSection
	GlobalSection(NestedProjects) = preSolution
		{4A67AA99-C6DF-4204-BB40-0E6A23D83336} = {140F8E24-636D-44A3-9463-4B0B4888D487}
		{A29DF22F-2269-47ED-AA92-52E93CA4E38F} = {140F8E24-636D-44A3-9463-4B0B4888D487}
		{DA26111F-3986-42EE-87B3-0C2764C87834} = {140F8E24-636D-44A3-9463-4B0B4888D487}
		{5A257766-6DCC-4080-98D4-643F6C80693B} = {140F8E24-636D-44A3-9463-4B0B4888D487}
	EndGlobalSection
	GlobalSection(ExtensibilityGlobals) = postSolution
		SolutionGuid = {2093DEE2-4836-40CF-85D8-17E6F2782CC5}
	EndGlobalSection
EndGlobal
